<?xml version="1.0" encoding="utf-8"?>
<Project ToolsVersion="4.0" xmlns="http://schemas.microsoft.com/developer/msbuild/2003">
  <ItemGroup>
    <Filter Include="Source Files">
      <UniqueIdentifier>{4FC737F1-C7A5-4376-A066-2A32D752A2FF}</UniqueIdentifier>
      <Extensions>cpp;c;cc;cxx;c++;cppm;ixx;def;odl;idl;hpj;bat;asm;asmx</Extensions>
    </Filter>
    <Filter Include="Header Files">
      <UniqueIdentifier>{93995380-89BD-4b04-88EB-625FBE52EBFB}</UniqueIdentifier>
      <Extensions>h;hh;hpp;hxx;h++;hm;inl;inc;ipp;xsd</Extensions>
    </Filter>
    <Filter Include="Resource Files">
      <UniqueIdentifier>{67DA6AB6-F800-4c08-8B7A-83BB121AAD01}</UniqueIdentifier>
      <Extensions>rc;ico;cur;bmp;dlg;rc2;rct;bin;rgs;gif;jpg;jpeg;jpe;resx;tiff;tif;png;wav;mfcribbon-ms</Extensions>
    </Filter>
    <Filter Include="Header Files\memory">
      <UniqueIdentifier>{c9111da9-92ba-4f06-9d54-74043f8b424a}</UniqueIdentifier>
    </Filter>
    <Filter Include="Memory">
      <UniqueIdentifier>{6e78bb97-1caf-4669-9e32-447c72b13263}</UniqueIdentifier>
    </Filter>
    <Filter Include="Header Files\include">
      <UniqueIdentifier>{001634b8-346e-4d5d-b71e-760afc623cb5}</UniqueIdentifier>
    </Filter>
  </ItemGroup>
  <ItemGroup>
    <ClInclude Include="framework.h">
      <Filter>Header Files</Filter>
    </ClInclude>
    <ClInclude Include="pch.h">
      <Filter>Header Files</Filter>
    </ClInclude>
    <ClInclude Include="Trampoline.h">
      <Filter>Header Files\memory</Filter>
    </ClInclude>
    <ClInclude Include="FunctionHook.h">
      <Filter>Header Files\memory</Filter>
    </ClInclude>
    <ClInclude Include="UsercallFunctionHandler.h">
      <Filter>Header Files\memory</Filter>
    </ClInclude>
    <ClInclude Include="MemAccess.h">
      <Filter>Header Files\memory</Filter>
    </ClInclude>
    <ClInclude Include="RenderWare.h">
      <Filter>Header Files\memory</Filter>
    </ClInclude>
    <ClInclude Include="HeroesEnum.h">
      <Filter>Header Files\include</Filter>
    </ClInclude>
    <ClInclude Include="HeroesStruct.h">
      <Filter>Header Files\include</Filter>
    </ClInclude>
    <ClInclude Include="Heroes-Util.h">
      <Filter>Header Files\include</Filter>
    </ClInclude>
    <ClInclude Include="HeroesFunc.h">
      <Filter>Header Files\include</Filter>
    </ClInclude>
    <ClInclude Include="HeroesVariables.h">
      <Filter>Header Files\include</Filter>
    </ClInclude>
  </ItemGroup>
  <ItemGroup>
    <ClCompile Include="dllmain.cpp">
      <Filter>Source Files</Filter>
    </ClCompile>
    <ClCompile Include="pch.cpp">
      <Filter>Source Files</Filter>
    </ClCompile>
    <ClCompile Include="ModExample.cpp">
      <Filter>Source Files</Filter>
    </ClCompile>
    <ClCompile Include="Trampoline.cpp">
      <Filter>Memory</Filter>
    </ClCompile>
  </ItemGroup>
</Project>