
Microsoft Visual Studio Solution File, Format Version 12.00
# Visual Studio Version 17
VisualStudioVersion = 17.8.34322.80
MinimumVisualStudioVersion = 10.0.40219.1
Project("{9A19103F-16F7-4668-BE54-9A1E7A4F7556}") = "New_Tricks", "New-Tricks\New_Tricks.csproj", "{696BDD81-BB22-4F99-A9D5-FD3EA93F3558}"
EndProject
Project("{9A19103F-16F7-4668-BE54-9A1E7A4F7556}") = "Heroes.SDK", "Heroes.SDK\Heroes.SDK.Library\Heroes.SDK.csproj", "{EAF42F1A-0C53-42ED-B4EA-2CA94D67B325}"
EndProject
Global
	GlobalSection(SolutionConfigurationPlatforms) = preSolution
		Debug|Any CPU = Debug|Any CPU
		Release|Any CPU = Release|Any CPU
	EndGlobalSection
	GlobalSection(ProjectConfigurationPlatforms) = postSolution
		{696BDD81-BB22-4F99-A9D5-FD3EA93F3558}.Debug|Any CPU.ActiveCfg = Debug|Any CPU
		{696BDD81-BB22-4F99-A9D5-FD3EA93F3558}.Debug|Any CPU.Build.0 = Debug|Any CPU
		{696BDD81-BB22-4F99-A9D5-FD3EA93F3558}.Release|Any CPU.ActiveCfg = Release|Any CPU
		{696BDD81-BB22-4F99-A9D5-FD3EA93F3558}.Release|Any CPU.Build.0 = Release|Any CPU
		{EAF42F1A-0C53-42ED-B4EA-2CA94D67B325}.Debug|Any CPU.ActiveCfg = Debug|Any CPU
		{EAF42F1A-0C53-42ED-B4EA-2CA94D67B325}.Debug|Any CPU.Build.0 = Debug|Any CPU
		{EAF42F1A-0C53-42ED-B4EA-2CA94D67B325}.Release|Any CPU.ActiveCfg = Release|Any CPU
		{EAF42F1A-0C53-42ED-B4EA-2CA94D67B325}.Release|Any CPU.Build.0 = Release|Any CPU
	EndGlobalSection
	GlobalSection(SolutionProperties) = preSolution
		HideSolutionNode = FALSE
	EndGlobalSection
	GlobalSection(ExtensibilityGlobals) = postSolution
		SolutionGuid = {4FE58F72-AD16-43D7-83B0-A45D19ADE4F2}
	EndGlobalSection
EndGlobal
